
Microsoft Visual Studio Solution File, Format Version 12.00
# Visual Studio 15
VisualStudioVersion = 15.0.28307.572
MinimumVisualStudioVersion = 10.0.40219.1
Project("{FAE04EC0-301F-11D3-BF4B-00C04F79EFBC}") = "DummyDataLibrary", "DummyDataLibrary\DummyDataLibrary.csproj", "{69071A2E-CB63-4F9B-8388-DDA4ECE85B80}"
EndProject
Project("{2150E333-8FDC-42A3-9474-1A3956D46DE8}") = "Tests", "Tests", "{F012E1CB-340C-4F15-B625-0F4E4C073771}"
EndProject
Project("{2150E333-8FDC-42A3-9474-1A3956D46DE8}") = "Common", "Common", "{DAC64459-B930-479F-B214-B4BE100D2C1D}"
EndProject
Project("{FAE04EC0-301F-11D3-BF4B-00C04F79EFBC}") = "DummyDataLibrary.Test", "DummyDataLibrary.Test\DummyDataLibrary.Test.csproj", "{955F64BC-4593-4DD8-B203-7C5E4F249521}"
EndProject
Global
	GlobalSection(SolutionConfigurationPlatforms) = preSolution
		Debug|Any CPU = Debug|Any CPU
		Release|Any CPU = Release|Any CPU
	EndGlobalSection
	GlobalSection(ProjectConfigurationPlatforms) = postSolution
		{69071A2E-CB63-4F9B-8388-DDA4ECE85B80}.Debug|Any CPU.ActiveCfg = Debug|Any CPU
		{69071A2E-CB63-4F9B-8388-DDA4ECE85B80}.Debug|Any CPU.Build.0 = Debug|Any CPU
		{69071A2E-CB63-4F9B-8388-DDA4ECE85B80}.Release|Any CPU.ActiveCfg = Release|Any CPU
		{69071A2E-CB63-4F9B-8388-DDA4ECE85B80}.Release|Any CPU.Build.0 = Release|Any CPU
		{955F64BC-4593-4DD8-B203-7C5E4F249521}.Debug|Any CPU.ActiveCfg = Debug|Any CPU
		{955F64BC-4593-4DD8-B203-7C5E4F249521}.Debug|Any CPU.Build.0 = Debug|Any CPU
		{955F64BC-4593-4DD8-B203-7C5E4F249521}.Release|Any CPU.ActiveCfg = Release|Any CPU
		{955F64BC-4593-4DD8-B203-7C5E4F249521}.Release|Any CPU.Build.0 = Release|Any CPU
	EndGlobalSection
	GlobalSection(SolutionProperties) = preSolution
		HideSolutionNode = FALSE
	EndGlobalSection
	GlobalSection(NestedProjects) = preSolution
		{69071A2E-CB63-4F9B-8388-DDA4ECE85B80} = {DAC64459-B930-479F-B214-B4BE100D2C1D}
		{955F64BC-4593-4DD8-B203-7C5E4F249521} = {F012E1CB-340C-4F15-B625-0F4E4C073771}
	EndGlobalSection
	GlobalSection(ExtensibilityGlobals) = postSolution
		SolutionGuid = {DAD13EB0-F603-49D4-9CD5-A53D12EE2484}
	EndGlobalSection
EndGlobal
